
Microsoft Visual Studio Solution File, Format Version 12.00
# Visual Studio 14
VisualStudioVersion = 14.0.25420.1
MinimumVisualStudioVersion = 10.0.40219.1
Project("{FAE04EC0-301F-11D3-BF4B-00C04F79EFBC}") = "WVU Canon Capture", "WVU Canon Capture\WVU Canon Capture.csproj", "{EC182666-A785-4713-97FC-6250667C0364}"
EndProject
Project("{54435603-DBB4-11D2-8724-00A0C9A8B90C}") = "WVUCanonCaptureSetup", "WVUCanonCaptureSetup\WVUCanonCaptureSetup.vdproj", "{533FC669-F878-4CE3-95C6-8FDB0D196654}"
EndProject
Global
	GlobalSection(SolutionConfigurationPlatforms) = preSolution
		Debug|Any CPU = Debug|Any CPU
		Release|Any CPU = Release|Any CPU
	EndGlobalSection
	GlobalSection(ProjectConfigurationPlatforms) = postSolution
		{EC182666-A785-4713-97FC-6250667C0364}.Debug|Any CPU.ActiveCfg = Debug|Any CPU
		{EC182666-A785-4713-97FC-6250667C0364}.Debug|Any CPU.Build.0 = Debug|Any CPU
		{EC182666-A785-4713-97FC-6250667C0364}.Release|Any CPU.ActiveCfg = Release|Any CPU
		{EC182666-A785-4713-97FC-6250667C0364}.Release|Any CPU.Build.0 = Release|Any CPU
		{533FC669-F878-4CE3-95C6-8FDB0D196654}.Debug|Any CPU.ActiveCfg = Debug
		{533FC669-F878-4CE3-95C6-8FDB0D196654}.Release|Any CPU.ActiveCfg = Release
	EndGlobalSection
	GlobalSection(SolutionProperties) = preSolution
		HideSolutionNode = FALSE
	EndGlobalSection
EndGlobal
